github.com/thevithach/funtemps v0.0.0-20230219151310-0d96bf43daba h1:YmLOyEUUAx/QFz9g4sZv2e3ZoP4rXa4xE+c9bVh384A=
github.com/thevithach/funtemps v0.0.0-20230219151310-0d96bf43daba/go.mod h1:H/D8rbalyEzrCZk1u7E4zVY1lLnh/B4EomirNx/3fkM=
github.com/thevithach/is105sem03 v0.0.0-20230421065524-f11a67d2b731 h1:RMLd5UWjZiOOirtEpGebbdQUE8xVYiNxSsIZWxej4sg=
github.com/thevithach/is105sem03 v0.0.0-20230421065524-f11a67d2b731/go.mod h1:g5KpWyZs+QODatg6vXBaUGr++cvoYSeW2pzqi9K6Wzw=
